{
  "name": "tab-restore",
  "version": "1.0.0",
  "lockfileVersion": 3,
  "requires": true,
  "packages": {
    "": {
      "name": "tab-restore",
      "version": "1.0.0",
      "license": "ISC",
      "dependencies": {
        "chrome-types": "^0.1.361"
      }
    },
    "node_modules/chrome-types": {
      "version": "0.1.361",
      "license": "Apache-2.0"
    }
  }
}
